
Microsoft Visual Studio Solution File, Format Version 12.00
Project("{FAE04EC0-301F-11D3-BF4B-00C04F79EFBC}") = "Producer", "Producer\Producer.csproj", "{D5700BCE-A229-41A7-A077-FD43A3E12821}"
EndProject
Project("{FAE04EC0-301F-11D3-BF4B-00C04F79EFBC}") = "Consumer", "Consumer\Consumer.csproj", "{01DE8087-FFAB-4BFE-A4D0-58DB820FB9F4}"
EndProject
Project("{2150E333-8FDC-42A3-9474-1A3956D46DE8}") = "01HelloWorld", "01HelloWorld", "{BB0F557B-FFB1-4359-B6B9-677ED20F4765}"
EndProject
Project("{2150E333-8FDC-42A3-9474-1A3956D46DE8}") = "02WorkQueues", "02WorkQueues", "{366F4469-2944-49D8-9E67-87ACD085F39E}"
EndProject
Project("{FAE04EC0-301F-11D3-BF4B-00C04F79EFBC}") = "TaskProducer", "TaskProducer\TaskProducer.csproj", "{1933917B-7AB3-4D3C-9429-7A4E99FC4537}"
EndProject
Project("{FAE04EC0-301F-11D3-BF4B-00C04F79EFBC}") = "TaskConsumer", "TaskConsumer\TaskConsumer.csproj", "{65CFED59-95C6-4D0A-949B-062BDD2CD48B}"
EndProject
Project("{2150E333-8FDC-42A3-9474-1A3956D46DE8}") = "Common", "Common", "{85453360-4651-408E-BF79-AAF3ED8E67E3}"
EndProject
Project("{FAE04EC0-301F-11D3-BF4B-00C04F79EFBC}") = "Common.Config", "Common.Config\Common.Config.csproj", "{A585BED9-A5AD-4B19-9426-4059C202AB33}"
EndProject
Project("{2150E333-8FDC-42A3-9474-1A3956D46DE8}") = "03PublishSubscribe", "03PublishSubscribe", "{31368B8B-77A4-4E01-A5E2-DCBA784861E4}"
EndProject
Project("{FAE04EC0-301F-11D3-BF4B-00C04F79EFBC}") = "LogPublisher", "LogPublisher\LogPublisher.csproj", "{2B0FF6F0-F898-4376-8842-3FDD14CAC13C}"
EndProject
Project("{FAE04EC0-301F-11D3-BF4B-00C04F79EFBC}") = "LogSubscriber", "LogSubscriber\LogSubscriber.csproj", "{F49D95E7-6C7F-48A4-AC52-2119783CC5F3}"
EndProject
Project("{2150E333-8FDC-42A3-9474-1A3956D46DE8}") = "04Routing", "04Routing", "{F69DD528-5AC4-4A79-ADC7-8DF620B35858}"
EndProject
Project("{FAE04EC0-301F-11D3-BF4B-00C04F79EFBC}") = "RoutingLogProducer", "RoutingLogProducer\RoutingLogProducer.csproj", "{E63E6B56-2099-4FC0-9B71-52936E3E3191}"
EndProject
Project("{FAE04EC0-301F-11D3-BF4B-00C04F79EFBC}") = "RoutingLogConsumer", "RoutingLogConsumer\RoutingLogConsumer.csproj", "{8854FDB6-0121-479B-B1B0-7EC0A7C5B63D}"
EndProject
Project("{2150E333-8FDC-42A3-9474-1A3956D46DE8}") = "05Topics", "05Topics", "{CE35567A-4978-4DBD-9D1F-A20AD7C9351A}"
EndProject
Project("{FAE04EC0-301F-11D3-BF4B-00C04F79EFBC}") = "TopicLogProducer", "TopicLogProducer\TopicLogProducer.csproj", "{1AEF8FC2-9FED-45C8-8F2E-0ABDD1EC57C4}"
EndProject
Project("{FAE04EC0-301F-11D3-BF4B-00C04F79EFBC}") = "TopicLogConsumer", "TopicLogConsumer\TopicLogConsumer.csproj", "{2B6E4345-2365-429E-B4E4-5A5A9BDB1AD3}"
EndProject
Global
	GlobalSection(SolutionConfigurationPlatforms) = preSolution
		Debug|Any CPU = Debug|Any CPU
		Release|Any CPU = Release|Any CPU
	EndGlobalSection
	GlobalSection(ProjectConfigurationPlatforms) = postSolution
		{D5700BCE-A229-41A7-A077-FD43A3E12821}.Debug|Any CPU.ActiveCfg = Debug|Any CPU
		{D5700BCE-A229-41A7-A077-FD43A3E12821}.Debug|Any CPU.Build.0 = Debug|Any CPU
		{D5700BCE-A229-41A7-A077-FD43A3E12821}.Release|Any CPU.ActiveCfg = Release|Any CPU
		{D5700BCE-A229-41A7-A077-FD43A3E12821}.Release|Any CPU.Build.0 = Release|Any CPU
		{01DE8087-FFAB-4BFE-A4D0-58DB820FB9F4}.Debug|Any CPU.ActiveCfg = Debug|Any CPU
		{01DE8087-FFAB-4BFE-A4D0-58DB820FB9F4}.Debug|Any CPU.Build.0 = Debug|Any CPU
		{01DE8087-FFAB-4BFE-A4D0-58DB820FB9F4}.Release|Any CPU.ActiveCfg = Release|Any CPU
		{01DE8087-FFAB-4BFE-A4D0-58DB820FB9F4}.Release|Any CPU.Build.0 = Release|Any CPU
		{1933917B-7AB3-4D3C-9429-7A4E99FC4537}.Debug|Any CPU.ActiveCfg = Debug|Any CPU
		{1933917B-7AB3-4D3C-9429-7A4E99FC4537}.Debug|Any CPU.Build.0 = Debug|Any CPU
		{1933917B-7AB3-4D3C-9429-7A4E99FC4537}.Release|Any CPU.ActiveCfg = Release|Any CPU
		{1933917B-7AB3-4D3C-9429-7A4E99FC4537}.Release|Any CPU.Build.0 = Release|Any CPU
		{65CFED59-95C6-4D0A-949B-062BDD2CD48B}.Debug|Any CPU.ActiveCfg = Debug|Any CPU
		{65CFED59-95C6-4D0A-949B-062BDD2CD48B}.Debug|Any CPU.Build.0 = Debug|Any CPU
		{65CFED59-95C6-4D0A-949B-062BDD2CD48B}.Release|Any CPU.ActiveCfg = Release|Any CPU
		{65CFED59-95C6-4D0A-949B-062BDD2CD48B}.Release|Any CPU.Build.0 = Release|Any CPU
		{A585BED9-A5AD-4B19-9426-4059C202AB33}.Debug|Any CPU.ActiveCfg = Debug|Any CPU
		{A585BED9-A5AD-4B19-9426-4059C202AB33}.Debug|Any CPU.Build.0 = Debug|Any CPU
		{A585BED9-A5AD-4B19-9426-4059C202AB33}.Release|Any CPU.ActiveCfg = Release|Any CPU
		{A585BED9-A5AD-4B19-9426-4059C202AB33}.Release|Any CPU.Build.0 = Release|Any CPU
		{2B0FF6F0-F898-4376-8842-3FDD14CAC13C}.Debug|Any CPU.ActiveCfg = Debug|Any CPU
		{2B0FF6F0-F898-4376-8842-3FDD14CAC13C}.Debug|Any CPU.Build.0 = Debug|Any CPU
		{2B0FF6F0-F898-4376-8842-3FDD14CAC13C}.Release|Any CPU.ActiveCfg = Release|Any CPU
		{2B0FF6F0-F898-4376-8842-3FDD14CAC13C}.Release|Any CPU.Build.0 = Release|Any CPU
		{F49D95E7-6C7F-48A4-AC52-2119783CC5F3}.Debug|Any CPU.ActiveCfg = Debug|Any CPU
		{F49D95E7-6C7F-48A4-AC52-2119783CC5F3}.Debug|Any CPU.Build.0 = Debug|Any CPU
		{F49D95E7-6C7F-48A4-AC52-2119783CC5F3}.Release|Any CPU.ActiveCfg = Release|Any CPU
		{F49D95E7-6C7F-48A4-AC52-2119783CC5F3}.Release|Any CPU.Build.0 = Release|Any CPU
		{E63E6B56-2099-4FC0-9B71-52936E3E3191}.Debug|Any CPU.ActiveCfg = Debug|Any CPU
		{E63E6B56-2099-4FC0-9B71-52936E3E3191}.Debug|Any CPU.Build.0 = Debug|Any CPU
		{E63E6B56-2099-4FC0-9B71-52936E3E3191}.Release|Any CPU.ActiveCfg = Release|Any CPU
		{E63E6B56-2099-4FC0-9B71-52936E3E3191}.Release|Any CPU.Build.0 = Release|Any CPU
		{8854FDB6-0121-479B-B1B0-7EC0A7C5B63D}.Debug|Any CPU.ActiveCfg = Debug|Any CPU
		{8854FDB6-0121-479B-B1B0-7EC0A7C5B63D}.Debug|Any CPU.Build.0 = Debug|Any CPU
		{8854FDB6-0121-479B-B1B0-7EC0A7C5B63D}.Release|Any CPU.ActiveCfg = Release|Any CPU
		{8854FDB6-0121-479B-B1B0-7EC0A7C5B63D}.Release|Any CPU.Build.0 = Release|Any CPU
		{1AEF8FC2-9FED-45C8-8F2E-0ABDD1EC57C4}.Debug|Any CPU.ActiveCfg = Debug|Any CPU
		{1AEF8FC2-9FED-45C8-8F2E-0ABDD1EC57C4}.Debug|Any CPU.Build.0 = Debug|Any CPU
		{1AEF8FC2-9FED-45C8-8F2E-0ABDD1EC57C4}.Release|Any CPU.ActiveCfg = Release|Any CPU
		{1AEF8FC2-9FED-45C8-8F2E-0ABDD1EC57C4}.Release|Any CPU.Build.0 = Release|Any CPU
		{2B6E4345-2365-429E-B4E4-5A5A9BDB1AD3}.Debug|Any CPU.ActiveCfg = Debug|Any CPU
		{2B6E4345-2365-429E-B4E4-5A5A9BDB1AD3}.Debug|Any CPU.Build.0 = Debug|Any CPU
		{2B6E4345-2365-429E-B4E4-5A5A9BDB1AD3}.Release|Any CPU.ActiveCfg = Release|Any CPU
		{2B6E4345-2365-429E-B4E4-5A5A9BDB1AD3}.Release|Any CPU.Build.0 = Release|Any CPU
	EndGlobalSection
	GlobalSection(NestedProjects) = preSolution
		{01DE8087-FFAB-4BFE-A4D0-58DB820FB9F4} = {BB0F557B-FFB1-4359-B6B9-677ED20F4765}
		{D5700BCE-A229-41A7-A077-FD43A3E12821} = {BB0F557B-FFB1-4359-B6B9-677ED20F4765}
		{1933917B-7AB3-4D3C-9429-7A4E99FC4537} = {366F4469-2944-49D8-9E67-87ACD085F39E}
		{65CFED59-95C6-4D0A-949B-062BDD2CD48B} = {366F4469-2944-49D8-9E67-87ACD085F39E}
		{A585BED9-A5AD-4B19-9426-4059C202AB33} = {85453360-4651-408E-BF79-AAF3ED8E67E3}
		{2B0FF6F0-F898-4376-8842-3FDD14CAC13C} = {31368B8B-77A4-4E01-A5E2-DCBA784861E4}
		{F49D95E7-6C7F-48A4-AC52-2119783CC5F3} = {31368B8B-77A4-4E01-A5E2-DCBA784861E4}
		{E63E6B56-2099-4FC0-9B71-52936E3E3191} = {F69DD528-5AC4-4A79-ADC7-8DF620B35858}
		{8854FDB6-0121-479B-B1B0-7EC0A7C5B63D} = {F69DD528-5AC4-4A79-ADC7-8DF620B35858}
		{1AEF8FC2-9FED-45C8-8F2E-0ABDD1EC57C4} = {CE35567A-4978-4DBD-9D1F-A20AD7C9351A}
		{2B6E4345-2365-429E-B4E4-5A5A9BDB1AD3} = {CE35567A-4978-4DBD-9D1F-A20AD7C9351A}
	EndGlobalSection
EndGlobal
